
Microsoft Visual Studio Solution File, Format Version 12.00
# Visual Studio Version 17
VisualStudioVersion = 17.14.36202.13
MinimumVisualStudioVersion = 10.0.40219.1
Project("{9A19103F-16F7-4668-BE54-9A1E7A4F7556}") = "Exercicio01", "Exercicio01\Exercicio01.csproj", "{4FDEDB0F-FA14-4523-B465-1FDBDDD9222A}"
EndProject
Project("{9A19103F-16F7-4668-BE54-9A1E7A4F7556}") = "Exercicio02", "Exercicio02\Exercicio02.csproj", "{9AD3EFF6-B352-4D65-BC98-47895B182683}"
EndProject
Project("{9A19103F-16F7-4668-BE54-9A1E7A4F7556}") = "Exercicio03", "Exercicio03\Exercicio03.csproj", "{AE81CB8D-827A-4D40-8271-0FC9A0F66909}"
EndProject
Project("{9A19103F-16F7-4668-BE54-9A1E7A4F7556}") = "Exercicio04", "Exercicio04\Exercicio04.csproj", "{1C2C57CE-5281-443A-9F6E-13CE2CDA6761}"
EndProject
Project("{9A19103F-16F7-4668-BE54-9A1E7A4F7556}") = "Exercicio05", "Exercicio05\Exercicio05.csproj", "{2BD543DE-091E-4C0F-9C9B-283EDC3C58EC}"
EndProject
Project("{9A19103F-16F7-4668-BE54-9A1E7A4F7556}") = "Exercicio06", "Exercicio06\Exercicio06.csproj", "{1024CEA8-9592-4502-BD2D-2D134985A687}"
EndProject
Project("{9A19103F-16F7-4668-BE54-9A1E7A4F7556}") = "Exercicio07", "Exercicio07\Exercicio07.csproj", "{1EE4729D-FB0C-4E00-8E36-0F3CCDAAA2C9}"
EndProject
Project("{9A19103F-16F7-4668-BE54-9A1E7A4F7556}") = "Exercicio08", "Exercicio08\Exercicio08.csproj", "{C8D83A68-8122-49A9-B10E-C3589513B01C}"
EndProject
Project("{9A19103F-16F7-4668-BE54-9A1E7A4F7556}") = "Exercicio09", "Exercicio10\Exercicio09.csproj", "{45A59A24-B339-4FA7-8F43-E1CD6A02AEF2}"
EndProject
Project("{9A19103F-16F7-4668-BE54-9A1E7A4F7556}") = "Exercicio10-", "Exercicio10-\Exercicio10-.csproj", "{99AD008D-9CB8-4BAC-867D-7AF9BC28A105}"
EndProject
Project("{9A19103F-16F7-4668-BE54-9A1E7A4F7556}") = "Exercicio11", "Exercicio11\Exercicio11.csproj", "{6687BEB2-291E-434A-BDCB-DC8C91136327}"
EndProject
Project("{9A19103F-16F7-4668-BE54-9A1E7A4F7556}") = "Exercicio12", "Exercicio12\Exercicio12.csproj", "{32EFC264-DB40-49BD-B928-174E2A978198}"
EndProject
Project("{9A19103F-16F7-4668-BE54-9A1E7A4F7556}") = "Exercicio13", "Exercicio13\Exercicio13.csproj", "{1A6309D1-8EF5-4411-8AA7-DE04DBF5A989}"
EndProject
Project("{9A19103F-16F7-4668-BE54-9A1E7A4F7556}") = "Exercicio14", "Exercicio14\Exercicio14.csproj", "{029F3D46-67E1-4A0E-8C47-E7D95F535834}"
EndProject
Project("{9A19103F-16F7-4668-BE54-9A1E7A4F7556}") = "Exercicio15", "Exercicio15\Exercicio15.csproj", "{76979399-D104-4EB3-97E6-C8C43F596340}"
EndProject
Project("{9A19103F-16F7-4668-BE54-9A1E7A4F7556}") = "Exercicio16", "Exercicio16\Exercicio16.csproj", "{76D6CE8E-F672-46B5-94FB-AC5B9890EC34}"
EndProject
Project("{9A19103F-16F7-4668-BE54-9A1E7A4F7556}") = "Exercicio17", "Exercicio17\Exercicio17.csproj", "{67D2386C-3C78-43DD-BAA0-92B70A31254B}"
EndProject
Project("{9A19103F-16F7-4668-BE54-9A1E7A4F7556}") = "Exercicio18", "Exercicio18\Exercicio18.csproj", "{E1570C1A-0026-4704-91AA-51A6838DAC4D}"
EndProject
Project("{9A19103F-16F7-4668-BE54-9A1E7A4F7556}") = "Exercicio19", "Exercicio19\Exercicio19.csproj", "{E1B11DB4-BAB4-4739-AEB2-366D74158861}"
EndProject
Project("{9A19103F-16F7-4668-BE54-9A1E7A4F7556}") = "Exercicio20", "Exercicio20\Exercicio20.csproj", "{EA744F94-089B-4433-B6F7-751D1E370A0F}"
EndProject
Project("{9A19103F-16F7-4668-BE54-9A1E7A4F7556}") = "Exercicio21", "Exercicio21\Exercicio21.csproj", "{1DA23BD9-A259-44BB-9127-B1742BDCB006}"
EndProject
Project("{9A19103F-16F7-4668-BE54-9A1E7A4F7556}") = "Exercicio22", "Exercicio22\Exercicio22.csproj", "{624EA9BB-7266-4A93-9268-2BE48DCFFD5C}"
EndProject
Project("{FAE04EC0-301F-11D3-BF4B-00C04F79EFBC}") = "Exercicio23", "Exercicio23\Exercicio23.csproj", "{E4038BE4-5EBE-4147-9C7B-1EE8A1EACC4F}"
EndProject
Project("{FAE04EC0-301F-11D3-BF4B-00C04F79EFBC}") = "Exercicio24", "Exercicio24\Exercicio24.csproj", "{18FE592C-262B-4C05-8ECE-1F0A3539E714}"
EndProject
Project("{FAE04EC0-301F-11D3-BF4B-00C04F79EFBC}") = "Exercicio25", "Exercicio25\Exercicio25.csproj", "{727B23C7-FD5A-49EC-A311-06B09EE8A917}"
EndProject
Project("{FAE04EC0-301F-11D3-BF4B-00C04F79EFBC}") = "Exercicio26", "Exercicio26\Exercicio26.csproj", "{C6762AD9-9CA3-4B46-A1B3-E3B2EF1594BC}"
EndProject
Project("{FAE04EC0-301F-11D3-BF4B-00C04F79EFBC}") = "Exercicio27", "Exercicio27\Exercicio27.csproj", "{D8315172-1300-47F4-A179-D6EC0FEA2B83}"
EndProject
Project("{FAE04EC0-301F-11D3-BF4B-00C04F79EFBC}") = "Exercicio28", "Exercicio28\Exercicio28.csproj", "{3F7E0B1D-E9A7-4451-95EA-249D445C784D}"
EndProject
Project("{FAE04EC0-301F-11D3-BF4B-00C04F79EFBC}") = "Exercicio29", "Exercicio29\Exercicio29.csproj", "{FAE9EB5A-3368-47EC-B905-CF592E3EAF73}"
EndProject
Project("{FAE04EC0-301F-11D3-BF4B-00C04F79EFBC}") = "Exercicio30", "Exercicio30\Exercicio30.csproj", "{627A26DC-AE45-4D79-8AB6-9695B15201E4}"
EndProject
Project("{FAE04EC0-301F-11D3-BF4B-00C04F79EFBC}") = "Exercicio31", "Exercicio31\Exercicio31.csproj", "{C8FC06EF-04ED-4ACE-8B56-79647E5EC6E7}"
EndProject
Project("{FAE04EC0-301F-11D3-BF4B-00C04F79EFBC}") = "Exercicio32", "Exercicio32\Exercicio32.csproj", "{7EF40487-E7D5-4ADC-BFC6-DBDA8381BCD5}"
EndProject
Project("{FAE04EC0-301F-11D3-BF4B-00C04F79EFBC}") = "Exercicio33", "Exercicio33\Exercicio33.csproj", "{4D763217-3D70-4204-A086-8E086576958E}"
EndProject
Project("{FAE04EC0-301F-11D3-BF4B-00C04F79EFBC}") = "Exercicio34", "Exercicio34\Exercicio34.csproj", "{2CB03A08-91BC-47A3-8944-42104749BE8D}"
EndProject
Project("{FAE04EC0-301F-11D3-BF4B-00C04F79EFBC}") = "Exercicio35", "Exercicio35\Exercicio35.csproj", "{5887F089-4C04-4ACE-8E53-7AC3491FE7E5}"
EndProject
Project("{FAE04EC0-301F-11D3-BF4B-00C04F79EFBC}") = "Exercicio36", "Exercicio36\Exercicio36.csproj", "{DD5F496D-3B61-46C3-827D-95F49F85804C}"
EndProject
Project("{FAE04EC0-301F-11D3-BF4B-00C04F79EFBC}") = "Exercicio37", "Exercicio37\Exercicio37.csproj", "{0F86D6C5-FCFC-4DB4-AD55-60580A43794E}"
EndProject
Project("{FAE04EC0-301F-11D3-BF4B-00C04F79EFBC}") = "Exercicio38", "Exercicio38\Exercicio38.csproj", "{761831C4-AB38-47CC-9701-D6CA74834D70}"
EndProject
Project("{FAE04EC0-301F-11D3-BF4B-00C04F79EFBC}") = "Exercicio39", "Exercicio39\Exercicio39.csproj", "{8B9074E4-C26E-4151-905F-E1D268AD75A7}"
EndProject
Project("{FAE04EC0-301F-11D3-BF4B-00C04F79EFBC}") = "Exercicio40", "Exercicio40\Exercicio40.csproj", "{4B3BF2D5-ED3F-45CC-83E3-0D9DAE0BFC7F}"
EndProject
Global
	GlobalSection(SolutionConfigurationPlatforms) = preSolution
		Debug|Any CPU = Debug|Any CPU
		Release|Any CPU = Release|Any CPU
	EndGlobalSection
	GlobalSection(ProjectConfigurationPlatforms) = postSolution
		{4FDEDB0F-FA14-4523-B465-1FDBDDD9222A}.Debug|Any CPU.ActiveCfg = Debug|Any CPU
		{4FDEDB0F-FA14-4523-B465-1FDBDDD9222A}.Debug|Any CPU.Build.0 = Debug|Any CPU
		{4FDEDB0F-FA14-4523-B465-1FDBDDD9222A}.Release|Any CPU.ActiveCfg = Release|Any CPU
		{4FDEDB0F-FA14-4523-B465-1FDBDDD9222A}.Release|Any CPU.Build.0 = Release|Any CPU
		{9AD3EFF6-B352-4D65-BC98-47895B182683}.Debug|Any CPU.ActiveCfg = Debug|Any CPU
		{9AD3EFF6-B352-4D65-BC98-47895B182683}.Debug|Any CPU.Build.0 = Debug|Any CPU
		{9AD3EFF6-B352-4D65-BC98-47895B182683}.Release|Any CPU.ActiveCfg = Release|Any CPU
		{9AD3EFF6-B352-4D65-BC98-47895B182683}.Release|Any CPU.Build.0 = Release|Any CPU
		{AE81CB8D-827A-4D40-8271-0FC9A0F66909}.Debug|Any CPU.ActiveCfg = Debug|Any CPU
		{AE81CB8D-827A-4D40-8271-0FC9A0F66909}.Debug|Any CPU.Build.0 = Debug|Any CPU
		{AE81CB8D-827A-4D40-8271-0FC9A0F66909}.Release|Any CPU.ActiveCfg = Release|Any CPU
		{AE81CB8D-827A-4D40-8271-0FC9A0F66909}.Release|Any CPU.Build.0 = Release|Any CPU
		{1C2C57CE-5281-443A-9F6E-13CE2CDA6761}.Debug|Any CPU.ActiveCfg = Debug|Any CPU
		{1C2C57CE-5281-443A-9F6E-13CE2CDA6761}.Debug|Any CPU.Build.0 = Debug|Any CPU
		{1C2C57CE-5281-443A-9F6E-13CE2CDA6761}.Release|Any CPU.ActiveCfg = Release|Any CPU
		{1C2C57CE-5281-443A-9F6E-13CE2CDA6761}.Release|Any CPU.Build.0 = Release|Any CPU
		{2BD543DE-091E-4C0F-9C9B-283EDC3C58EC}.Debug|Any CPU.ActiveCfg = Debug|Any CPU
		{2BD543DE-091E-4C0F-9C9B-283EDC3C58EC}.Debug|Any CPU.Build.0 = Debug|Any CPU
		{2BD543DE-091E-4C0F-9C9B-283EDC3C58EC}.Release|Any CPU.ActiveCfg = Release|Any CPU
		{2BD543DE-091E-4C0F-9C9B-283EDC3C58EC}.Release|Any CPU.Build.0 = Release|Any CPU
		{1024CEA8-9592-4502-BD2D-2D134985A687}.Debug|Any CPU.ActiveCfg = Debug|Any CPU
		{1024CEA8-9592-4502-BD2D-2D134985A687}.Debug|Any CPU.Build.0 = Debug|Any CPU
		{1024CEA8-9592-4502-BD2D-2D134985A687}.Release|Any CPU.ActiveCfg = Release|Any CPU
		{1024CEA8-9592-4502-BD2D-2D134985A687}.Release|Any CPU.Build.0 = Release|Any CPU
		{1EE4729D-FB0C-4E00-8E36-0F3CCDAAA2C9}.Debug|Any CPU.ActiveCfg = Debug|Any CPU
		{1EE4729D-FB0C-4E00-8E36-0F3CCDAAA2C9}.Debug|Any CPU.Build.0 = Debug|Any CPU
		{1EE4729D-FB0C-4E00-8E36-0F3CCDAAA2C9}.Release|Any CPU.ActiveCfg = Release|Any CPU
		{1EE4729D-FB0C-4E00-8E36-0F3CCDAAA2C9}.Release|Any CPU.Build.0 = Release|Any CPU
		{C8D83A68-8122-49A9-B10E-C3589513B01C}.Debug|Any CPU.ActiveCfg = Debug|Any CPU
		{C8D83A68-8122-49A9-B10E-C3589513B01C}.Debug|Any CPU.Build.0 = Debug|Any CPU
		{C8D83A68-8122-49A9-B10E-C3589513B01C}.Release|Any CPU.ActiveCfg = Release|Any CPU
		{C8D83A68-8122-49A9-B10E-C3589513B01C}.Release|Any CPU.Build.0 = Release|Any CPU
		{45A59A24-B339-4FA7-8F43-E1CD6A02AEF2}.Debug|Any CPU.ActiveCfg = Debug|Any CPU
		{45A59A24-B339-4FA7-8F43-E1CD6A02AEF2}.Debug|Any CPU.Build.0 = Debug|Any CPU
		{45A59A24-B339-4FA7-8F43-E1CD6A02AEF2}.Release|Any CPU.ActiveCfg = Release|Any CPU
		{45A59A24-B339-4FA7-8F43-E1CD6A02AEF2}.Release|Any CPU.Build.0 = Release|Any CPU
		{99AD008D-9CB8-4BAC-867D-7AF9BC28A105}.Debug|Any CPU.ActiveCfg = Debug|Any CPU
		{99AD008D-9CB8-4BAC-867D-7AF9BC28A105}.Debug|Any CPU.Build.0 = Debug|Any CPU
		{99AD008D-9CB8-4BAC-867D-7AF9BC28A105}.Release|Any CPU.ActiveCfg = Release|Any CPU
		{99AD008D-9CB8-4BAC-867D-7AF9BC28A105}.Release|Any CPU.Build.0 = Release|Any CPU
		{6687BEB2-291E-434A-BDCB-DC8C91136327}.Debug|Any CPU.ActiveCfg = Debug|Any CPU
		{6687BEB2-291E-434A-BDCB-DC8C91136327}.Debug|Any CPU.Build.0 = Debug|Any CPU
		{6687BEB2-291E-434A-BDCB-DC8C91136327}.Release|Any CPU.ActiveCfg = Release|Any CPU
		{6687BEB2-291E-434A-BDCB-DC8C91136327}.Release|Any CPU.Build.0 = Release|Any CPU
		{32EFC264-DB40-49BD-B928-174E2A978198}.Debug|Any CPU.ActiveCfg = Debug|Any CPU
		{32EFC264-DB40-49BD-B928-174E2A978198}.Debug|Any CPU.Build.0 = Debug|Any CPU
		{32EFC264-DB40-49BD-B928-174E2A978198}.Release|Any CPU.ActiveCfg = Release|Any CPU
		{32EFC264-DB40-49BD-B928-174E2A978198}.Release|Any CPU.Build.0 = Release|Any CPU
		{1A6309D1-8EF5-4411-8AA7-DE04DBF5A989}.Debug|Any CPU.ActiveCfg = Debug|Any CPU
		{1A6309D1-8EF5-4411-8AA7-DE04DBF5A989}.Debug|Any CPU.Build.0 = Debug|Any CPU
		{1A6309D1-8EF5-4411-8AA7-DE04DBF5A989}.Release|Any CPU.ActiveCfg = Release|Any CPU
		{1A6309D1-8EF5-4411-8AA7-DE04DBF5A989}.Release|Any CPU.Build.0 = Release|Any CPU
		{029F3D46-67E1-4A0E-8C47-E7D95F535834}.Debug|Any CPU.ActiveCfg = Debug|Any CPU
		{029F3D46-67E1-4A0E-8C47-E7D95F535834}.Debug|Any CPU.Build.0 = Debug|Any CPU
		{029F3D46-67E1-4A0E-8C47-E7D95F535834}.Release|Any CPU.ActiveCfg = Release|Any CPU
		{029F3D46-67E1-4A0E-8C47-E7D95F535834}.Release|Any CPU.Build.0 = Release|Any CPU
		{76979399-D104-4EB3-97E6-C8C43F596340}.Debug|Any CPU.ActiveCfg = Debug|Any CPU
		{76979399-D104-4EB3-97E6-C8C43F596340}.Debug|Any CPU.Build.0 = Debug|Any CPU
		{76979399-D104-4EB3-97E6-C8C43F596340}.Release|Any CPU.ActiveCfg = Release|Any CPU
		{76979399-D104-4EB3-97E6-C8C43F596340}.Release|Any CPU.Build.0 = Release|Any CPU
		{76D6CE8E-F672-46B5-94FB-AC5B9890EC34}.Debug|Any CPU.ActiveCfg = Debug|Any CPU
		{76D6CE8E-F672-46B5-94FB-AC5B9890EC34}.Debug|Any CPU.Build.0 = Debug|Any CPU
		{76D6CE8E-F672-46B5-94FB-AC5B9890EC34}.Release|Any CPU.ActiveCfg = Release|Any CPU
		{76D6CE8E-F672-46B5-94FB-AC5B9890EC34}.Release|Any CPU.Build.0 = Release|Any CPU
		{67D2386C-3C78-43DD-BAA0-92B70A31254B}.Debug|Any CPU.ActiveCfg = Debug|Any CPU
		{67D2386C-3C78-43DD-BAA0-92B70A31254B}.Debug|Any CPU.Build.0 = Debug|Any CPU
		{67D2386C-3C78-43DD-BAA0-92B70A31254B}.Release|Any CPU.ActiveCfg = Release|Any CPU
		{67D2386C-3C78-43DD-BAA0-92B70A31254B}.Release|Any CPU.Build.0 = Release|Any CPU
		{E1570C1A-0026-4704-91AA-51A6838DAC4D}.Debug|Any CPU.ActiveCfg = Debug|Any CPU
		{E1570C1A-0026-4704-91AA-51A6838DAC4D}.Debug|Any CPU.Build.0 = Debug|Any CPU
		{E1570C1A-0026-4704-91AA-51A6838DAC4D}.Release|Any CPU.ActiveCfg = Release|Any CPU
		{E1570C1A-0026-4704-91AA-51A6838DAC4D}.Release|Any CPU.Build.0 = Release|Any CPU
		{E1B11DB4-BAB4-4739-AEB2-366D74158861}.Debug|Any CPU.ActiveCfg = Debug|Any CPU
		{E1B11DB4-BAB4-4739-AEB2-366D74158861}.Debug|Any CPU.Build.0 = Debug|Any CPU
		{E1B11DB4-BAB4-4739-AEB2-366D74158861}.Release|Any CPU.ActiveCfg = Release|Any CPU
		{E1B11DB4-BAB4-4739-AEB2-366D74158861}.Release|Any CPU.Build.0 = Release|Any CPU
		{EA744F94-089B-4433-B6F7-751D1E370A0F}.Debug|Any CPU.ActiveCfg = Debug|Any CPU
		{EA744F94-089B-4433-B6F7-751D1E370A0F}.Debug|Any CPU.Build.0 = Debug|Any CPU
		{EA744F94-089B-4433-B6F7-751D1E370A0F}.Release|Any CPU.ActiveCfg = Release|Any CPU
		{EA744F94-089B-4433-B6F7-751D1E370A0F}.Release|Any CPU.Build.0 = Release|Any CPU
		{1DA23BD9-A259-44BB-9127-B1742BDCB006}.Debug|Any CPU.ActiveCfg = Debug|Any CPU
		{1DA23BD9-A259-44BB-9127-B1742BDCB006}.Debug|Any CPU.Build.0 = Debug|Any CPU
		{1DA23BD9-A259-44BB-9127-B1742BDCB006}.Release|Any CPU.ActiveCfg = Release|Any CPU
		{1DA23BD9-A259-44BB-9127-B1742BDCB006}.Release|Any CPU.Build.0 = Release|Any CPU
		{624EA9BB-7266-4A93-9268-2BE48DCFFD5C}.Debug|Any CPU.ActiveCfg = Debug|Any CPU
		{624EA9BB-7266-4A93-9268-2BE48DCFFD5C}.Debug|Any CPU.Build.0 = Debug|Any CPU
		{624EA9BB-7266-4A93-9268-2BE48DCFFD5C}.Release|Any CPU.ActiveCfg = Release|Any CPU
		{624EA9BB-7266-4A93-9268-2BE48DCFFD5C}.Release|Any CPU.Build.0 = Release|Any CPU
		{E4038BE4-5EBE-4147-9C7B-1EE8A1EACC4F}.Debug|Any CPU.ActiveCfg = Debug|Any CPU
		{E4038BE4-5EBE-4147-9C7B-1EE8A1EACC4F}.Debug|Any CPU.Build.0 = Debug|Any CPU
		{E4038BE4-5EBE-4147-9C7B-1EE8A1EACC4F}.Release|Any CPU.ActiveCfg = Release|Any CPU
		{E4038BE4-5EBE-4147-9C7B-1EE8A1EACC4F}.Release|Any CPU.Build.0 = Release|Any CPU
		{18FE592C-262B-4C05-8ECE-1F0A3539E714}.Debug|Any CPU.ActiveCfg = Debug|Any CPU
		{18FE592C-262B-4C05-8ECE-1F0A3539E714}.Debug|Any CPU.Build.0 = Debug|Any CPU
		{18FE592C-262B-4C05-8ECE-1F0A3539E714}.Release|Any CPU.ActiveCfg = Release|Any CPU
		{18FE592C-262B-4C05-8ECE-1F0A3539E714}.Release|Any CPU.Build.0 = Release|Any CPU
		{727B23C7-FD5A-49EC-A311-06B09EE8A917}.Debug|Any CPU.ActiveCfg = Debug|Any CPU
		{727B23C7-FD5A-49EC-A311-06B09EE8A917}.Debug|Any CPU.Build.0 = Debug|Any CPU
		{727B23C7-FD5A-49EC-A311-06B09EE8A917}.Release|Any CPU.ActiveCfg = Release|Any CPU
		{727B23C7-FD5A-49EC-A311-06B09EE8A917}.Release|Any CPU.Build.0 = Release|Any CPU
		{C6762AD9-9CA3-4B46-A1B3-E3B2EF1594BC}.Debug|Any CPU.ActiveCfg = Debug|Any CPU
		{C6762AD9-9CA3-4B46-A1B3-E3B2EF1594BC}.Debug|Any CPU.Build.0 = Debug|Any CPU
		{C6762AD9-9CA3-4B46-A1B3-E3B2EF1594BC}.Release|Any CPU.ActiveCfg = Release|Any CPU
		{C6762AD9-9CA3-4B46-A1B3-E3B2EF1594BC}.Release|Any CPU.Build.0 = Release|Any CPU
		{D8315172-1300-47F4-A179-D6EC0FEA2B83}.Debug|Any CPU.ActiveCfg = Debug|Any CPU
		{D8315172-1300-47F4-A179-D6EC0FEA2B83}.Debug|Any CPU.Build.0 = Debug|Any CPU
		{D8315172-1300-47F4-A179-D6EC0FEA2B83}.Release|Any CPU.ActiveCfg = Release|Any CPU
		{D8315172-1300-47F4-A179-D6EC0FEA2B83}.Release|Any CPU.Build.0 = Release|Any CPU
		{3F7E0B1D-E9A7-4451-95EA-249D445C784D}.Debug|Any CPU.ActiveCfg = Debug|Any CPU
		{3F7E0B1D-E9A7-4451-95EA-249D445C784D}.Debug|Any CPU.Build.0 = Debug|Any CPU
		{3F7E0B1D-E9A7-4451-95EA-249D445C784D}.Release|Any CPU.ActiveCfg = Release|Any CPU
		{3F7E0B1D-E9A7-4451-95EA-249D445C784D}.Release|Any CPU.Build.0 = Release|Any CPU
		{FAE9EB5A-3368-47EC-B905-CF592E3EAF73}.Debug|Any CPU.ActiveCfg = Debug|Any CPU
		{FAE9EB5A-3368-47EC-B905-CF592E3EAF73}.Debug|Any CPU.Build.0 = Debug|Any CPU
		{FAE9EB5A-3368-47EC-B905-CF592E3EAF73}.Release|Any CPU.ActiveCfg = Release|Any CPU
		{FAE9EB5A-3368-47EC-B905-CF592E3EAF73}.Release|Any CPU.Build.0 = Release|Any CPU
		{627A26DC-AE45-4D79-8AB6-9695B15201E4}.Debug|Any CPU.ActiveCfg = Debug|Any CPU
		{627A26DC-AE45-4D79-8AB6-9695B15201E4}.Debug|Any CPU.Build.0 = Debug|Any CPU
		{627A26DC-AE45-4D79-8AB6-9695B15201E4}.Release|Any CPU.ActiveCfg = Release|Any CPU
		{627A26DC-AE45-4D79-8AB6-9695B15201E4}.Release|Any CPU.Build.0 = Release|Any CPU
		{C8FC06EF-04ED-4ACE-8B56-79647E5EC6E7}.Debug|Any CPU.ActiveCfg = Debug|Any CPU
		{C8FC06EF-04ED-4ACE-8B56-79647E5EC6E7}.Debug|Any CPU.Build.0 = Debug|Any CPU
		{C8FC06EF-04ED-4ACE-8B56-79647E5EC6E7}.Release|Any CPU.ActiveCfg = Release|Any CPU
		{C8FC06EF-04ED-4ACE-8B56-79647E5EC6E7}.Release|Any CPU.Build.0 = Release|Any CPU
		{7EF40487-E7D5-4ADC-BFC6-DBDA8381BCD5}.Debug|Any CPU.ActiveCfg = Debug|Any CPU
		{7EF40487-E7D5-4ADC-BFC6-DBDA8381BCD5}.Debug|Any CPU.Build.0 = Debug|Any CPU
		{7EF40487-E7D5-4ADC-BFC6-DBDA8381BCD5}.Release|Any CPU.ActiveCfg = Release|Any CPU
		{7EF40487-E7D5-4ADC-BFC6-DBDA8381BCD5}.Release|Any CPU.Build.0 = Release|Any CPU
		{4D763217-3D70-4204-A086-8E086576958E}.Debug|Any CPU.ActiveCfg = Debug|Any CPU
		{4D763217-3D70-4204-A086-8E086576958E}.Debug|Any CPU.Build.0 = Debug|Any CPU
		{4D763217-3D70-4204-A086-8E086576958E}.Release|Any CPU.ActiveCfg = Release|Any CPU
		{4D763217-3D70-4204-A086-8E086576958E}.Release|Any CPU.Build.0 = Release|Any CPU
		{2CB03A08-91BC-47A3-8944-42104749BE8D}.Debug|Any CPU.ActiveCfg = Debug|Any CPU
		{2CB03A08-91BC-47A3-8944-42104749BE8D}.Debug|Any CPU.Build.0 = Debug|Any CPU
		{2CB03A08-91BC-47A3-8944-42104749BE8D}.Release|Any CPU.ActiveCfg = Release|Any CPU
		{2CB03A08-91BC-47A3-8944-42104749BE8D}.Release|Any CPU.Build.0 = Release|Any CPU
		{5887F089-4C04-4ACE-8E53-7AC3491FE7E5}.Debug|Any CPU.ActiveCfg = Debug|Any CPU
		{5887F089-4C04-4ACE-8E53-7AC3491FE7E5}.Debug|Any CPU.Build.0 = Debug|Any CPU
		{5887F089-4C04-4ACE-8E53-7AC3491FE7E5}.Release|Any CPU.ActiveCfg = Release|Any CPU
		{5887F089-4C04-4ACE-8E53-7AC3491FE7E5}.Release|Any CPU.Build.0 = Release|Any CPU
		{DD5F496D-3B61-46C3-827D-95F49F85804C}.Debug|Any CPU.ActiveCfg = Debug|Any CPU
		{DD5F496D-3B61-46C3-827D-95F49F85804C}.Debug|Any CPU.Build.0 = Debug|Any CPU
		{DD5F496D-3B61-46C3-827D-95F49F85804C}.Release|Any CPU.ActiveCfg = Release|Any CPU
		{DD5F496D-3B61-46C3-827D-95F49F85804C}.Release|Any CPU.Build.0 = Release|Any CPU
		{0F86D6C5-FCFC-4DB4-AD55-60580A43794E}.Debug|Any CPU.ActiveCfg = Debug|Any CPU
		{0F86D6C5-FCFC-4DB4-AD55-60580A43794E}.Debug|Any CPU.Build.0 = Debug|Any CPU
		{0F86D6C5-FCFC-4DB4-AD55-60580A43794E}.Release|Any CPU.ActiveCfg = Release|Any CPU
		{0F86D6C5-FCFC-4DB4-AD55-60580A43794E}.Release|Any CPU.Build.0 = Release|Any CPU
		{761831C4-AB38-47CC-9701-D6CA74834D70}.Debug|Any CPU.ActiveCfg = Debug|Any CPU
		{761831C4-AB38-47CC-9701-D6CA74834D70}.Debug|Any CPU.Build.0 = Debug|Any CPU
		{761831C4-AB38-47CC-9701-D6CA74834D70}.Release|Any CPU.ActiveCfg = Release|Any CPU
		{761831C4-AB38-47CC-9701-D6CA74834D70}.Release|Any CPU.Build.0 = Release|Any CPU
		{8B9074E4-C26E-4151-905F-E1D268AD75A7}.Debug|Any CPU.ActiveCfg = Debug|Any CPU
		{8B9074E4-C26E-4151-905F-E1D268AD75A7}.Debug|Any CPU.Build.0 = Debug|Any CPU
		{8B9074E4-C26E-4151-905F-E1D268AD75A7}.Release|Any CPU.ActiveCfg = Release|Any CPU
		{8B9074E4-C26E-4151-905F-E1D268AD75A7}.Release|Any CPU.Build.0 = Release|Any CPU
		{4B3BF2D5-ED3F-45CC-83E3-0D9DAE0BFC7F}.Debug|Any CPU.ActiveCfg = Debug|Any CPU
		{4B3BF2D5-ED3F-45CC-83E3-0D9DAE0BFC7F}.Debug|Any CPU.Build.0 = Debug|Any CPU
		{4B3BF2D5-ED3F-45CC-83E3-0D9DAE0BFC7F}.Release|Any CPU.ActiveCfg = Release|Any CPU
		{4B3BF2D5-ED3F-45CC-83E3-0D9DAE0BFC7F}.Release|Any CPU.Build.0 = Release|Any CPU
	EndGlobalSection
	GlobalSection(SolutionProperties) = preSolution
		HideSolutionNode = FALSE
	EndGlobalSection
	GlobalSection(ExtensibilityGlobals) = postSolution
		SolutionGuid = {D49D4AC1-EAE8-4F3F-8D32-55EF670FA301}
	EndGlobalSection
EndGlobal
